// !$*UTF8*$!
{
	archiveVersion = 1;
	classes = {
	};
	objectVersion = 77;
	objects = {

/* Begin PBXContainerItemProxy section */
		C479D17E2EC9C420000A4C36 /* PBXContainerItemProxy */ = {
			isa = PBXContainerItemProxy;
			containerPortal = C479D1682EC9C41E000A4C36 /* Project object */;
			proxyType = 1;
			remoteGlobalIDString = C479D16F2EC9C41E000A4C36;
			remoteInfo = finalProject_BattleShip;
		};
		C479D1882EC9C420000A4C36 /* PBXContainerItemProxy */ = {
			isa = PBXContainerItemProxy;
			containerPortal = C479D1682EC9C41E000A4C36 /* Project object */;
			proxyType = 1;
			remoteGlobalIDString = C479D16F2EC9C41E000A4C36;
			remoteInfo = finalProject_BattleShip;
		};
/* End PBXContainerItemProxy section */

/* Begin PBXFileReference section */
		C479D1702EC9C41E000A4C36 /* finalProject_BattleShip.app */ = {isa = PBXFileReference; explicitFileType = wrapper.application; includeInIndex = 0; path = finalProject_BattleShip.app; sourceTree = BUILT_PRODUCTS_DIR; };
		C479D17D2EC9C420000A4C36 /* finalProject_BattleShipTests.xctest */ = {isa = PBXFileReference; explicitFileType = wrapper.cfbundle; includeInIndex = 0; path = finalProject_BattleShipTests.xctest; sourceTree = BUILT_PRODUCTS_DIR; };
		C479D1872EC9C420000A4C36 /* finalProject_BattleShipUITests.xctest */ = {isa = PBXFileReference; explicitFileType = wrapper.cfbundle; includeInIndex = 0; path = finalProject_BattleShipUITests.xctest; sourceTree = BUILT_PRODUCTS_DIR; };
/* End PBXFileReference section */

/* Begin PBXFileSystemSynchronizedRootGroup section */
		C479D1722EC9C41E000A4C36 /* finalProject_BattleShip */ = {
			isa = PBXFileSystemSynchronizedRootGroup;
			path = finalProject_BattleShip;
			sourceTree = "<group>";
		};
		C479D1802EC9C420000A4C36 /* finalProject_BattleShipTests */ = {
			isa = PBXFileSystemSynchronizedRootGroup;
			path = finalProject_BattleShipTests;
			sourceTree = "<group>";
		};
		C479D18A2EC9C420000A4C36 /* finalProject_BattleShipUITests */ = {
			isa = PBXFileSystemSynchronizedRootGroup;
			path = finalProject_BattleShipUITests;
			sourceTree = "<group>";
		};
/* End PBXFileSystemSynchronizedRootGroup section */

/* Begin PBXFrameworksBuildPhase section */
		C479D16D2EC9C41E000A4C36 /* Frameworks */ = {
			isa = PBXFrameworksBuildPhase;
			buildActionMask = 2147483647;
			files = (
			);
			runOnlyForDeploymentPostprocessing = 0;
		};
		C479D17A2EC9C420000A4C36 /* Frameworks */ = {
			isa = PBXFrameworksBuildPhase;
			buildActionMask = 2147483647;
			files = (
			);
			runOnlyForDeploymentPostprocessing = 0;
		};
		C479D1842EC9C420000A4C36 /* Frameworks */ = {
			isa = PBXFrameworksBuildPhase;
			buildActionMask = 2147483647;
			files = (
			);
			runOnlyForDeploymentPostprocessing = 0;
		};
/* End PBXFrameworksBuildPhase section */

/* Begin PBXGroup section */
		C479D1672EC9C41E000A4C36 = {
			isa = PBXGroup;
			children = (
				C479D1722EC9C41E000A4C36 /* finalProject_BattleShip */,
				C479D1802EC9C420000A4C36 /* finalProject_BattleShipTests */,
				C479D18A2EC9C420000A4C36 /* finalProject_BattleShipUITests */,
				C479D1712EC9C41E000A4C36 /* Products */,
			);
			sourceTree = "<group>";
		};
		C479D1712EC9C41E000A4C36 /* Products */ = {
			isa = PBXGroup;
			children = (
				C479D1702EC9C41E000A4C36 /* finalProject_BattleShip.app */,
				C479D17D2EC9C420000A4C36 /* finalProject_BattleShipTests.xctest */,
				C479D1872EC9C420000A4C36 /* finalProject_BattleShipUITests.xctest */,
			);
			name = Products;
			sourceTree = "<group>";
		};
/* End PBXGroup section */

/* Begin PBXNativeTarget section */
		C479D16F2EC9C41E000A4C36 /* finalProject_BattleShip */ = {
			isa = PBXNativeTarget;
			buildConfigurationList = C479D1912EC9C420000A4C36 /* Build configuration list for PBXNativeTarget "finalProject_BattleShip" */;
			buildPhases = (
				C479D16C2EC9C41E000A4C36 /* Sources */,
				C479D16D2EC9C41E000A4C36 /* Frameworks */,
				C479D16E2EC9C41E000A4C36 /* Resources */,
			);
			buildRules = (
			);
			dependencies = (
			);
			fileSystemSynchronizedGroups = (
				C479D1722EC9C41E000A4C36 /* finalProject_BattleShip */,
			);
			name = finalProject_BattleShip;
			packageProductDependencies = (
			);
			productName = finalProject_BattleShip;
			productReference = C479D1702EC9C41E000A4C36 /* finalProject_BattleShip.app */;
			productType = "com.apple.product-type.application";
		};
		C479D17C2EC9C420000A4C36 /* finalProject_BattleShipTests */ = {
			isa = PBXNativeTarget;
			buildConfigurationList = C479D1942EC9C420000A4C36 /* Build configuration list for PBXNativeTarget "finalProject_BattleShipTests" */;
			buildPhases = (
				C479D1792EC9C420000A4C36 /* Sources */,
				C479D17A2EC9C420000A4C36 /* Frameworks */,
				C479D17B2EC9C420000A4C36 /* Resources */,
			);
			buildRules = (
			);
			dependencies = (
				C479D17F2EC9C420000A4C36 /* PBXTargetDependency */,
			);
			fileSystemSynchronizedGroups = (
				C479D1802EC9C420000A4C36 /* finalProject_BattleShipTests */,
			);
			name = finalProject_BattleShipTests;
			packageProductDependencies = (
			);
			productName = finalProject_BattleShipTests;
			productReference = C479D17D2EC9C420000A4C36 /* finalProject_BattleShipTests.xctest */;
			productType = "com.apple.product-type.bundle.unit-test";
		};
		C479D1862EC9C420000A4C36 /* finalProject_BattleShipUITests */ = {
			isa = PBXNativeTarget;
			buildConfigurationList = C479D1972EC9C420000A4C36 /* Build configuration list for PBXNativeTarget "finalProject_BattleShipUITests" */;
			buildPhases = (
				C479D1832EC9C420000A4C36 /* Sources */,
				C479D1842EC9C420000A4C36 /* Frameworks */,
				C479D1852EC9C420000A4C36 /* Resources */,
			);
			buildRules = (
			);
			dependencies = (
				C479D1892EC9C420000A4C36 /* PBXTargetDependency */,
			);
			fileSystemSynchronizedGroups = (
				C479D18A2EC9C420000A4C36 /* finalProject_BattleShipUITests */,
			);
			name = finalProject_BattleShipUITests;
			packageProductDependencies = (
			);
			productName = finalProject_BattleShipUITests;
			productReference = C479D1872EC9C420000A4C36 /* finalProject_BattleShipUITests.xctest */;
			productType = "com.apple.product-type.bundle.ui-testing";
		};
/* End PBXNativeTarget section */

/* Begin PBXProject section */
		C479D1682EC9C41E000A4C36 /* Project object */ = {
			isa = PBXProject;
			attributes = {
				BuildIndependentTargetsInParallel = 1;
				LastSwiftUpdateCheck = 1640;
				LastUpgradeCheck = 1640;
				TargetAttributes = {
					C479D16F2EC9C41E000A4C36 = {
						CreatedOnToolsVersion = 16.4;
					};
					C479D17C2EC9C420000A4C36 = {
						CreatedOnToolsVersion = 16.4;
						TestTargetID = C479D16F2EC9C41E000A4C36;
					};
					C479D1862EC9C420000A4C36 = {
						CreatedOnToolsVersion = 16.4;
						TestTargetID = C479D16F2EC9C41E000A4C36;
					};
				};
			};
			buildConfigurationList = C479D16B2EC9C41E000A4C36 /* Build configuration list for PBXProject "finalProject_BattleShip" */;
			developmentRegion = en;
			hasScannedForEncodings = 0;
			knownRegions = (
				en,
				Base,
			);
			mainGroup = C479D1672EC9C41E000A4C36;
			minimizedProjectReferenceProxies = 1;
			preferredProjectObjectVersion = 77;
			productRefGroup = C479D1712EC9C41E000A4C36 /* Products */;
			projectDirPath = "";
			projectRoot = "";
			targets = (
				C479D16F2EC9C41E000A4C36 /* finalProject_BattleShip */,
				C479D17C2EC9C420000A4C36 /* finalProject_BattleShipTests */,
				C479D1862EC9C420000A4C36 /* finalProject_BattleShipUITests */,
			);
		};
/* End PBXProject section */

/* Begin PBXResourcesBuildPhase section */
		C479D16E2EC9C41E000A4C36 /* Resources */ = {
			isa = PBXResourcesBuildPhase;
			buildActionMask = 2147483647;
			files = (
			);
			runOnlyForDeploymentPostprocessing = 0;
		};
		C479D17B2EC9C420000A4C36 /* Resources */ = {
			isa = PBXResourcesBuildPhase;
			buildActionMask = 2147483647;
			files = (
			);
			runOnlyForDeploymentPostprocessing = 0;
		};
		C479D1852EC9C420000A4C36 /* Resources */ = {
			isa = PBXResourcesBuildPhase;
			buildActionMask = 2147483647;
			files = (
			);
			runOnlyForDeploymentPostprocessing = 0;
		};
/* End PBXResourcesBuildPhase section */

/* Begin PBXSourcesBuildPhase section */
		C479D16C2EC9C41E000A4C36 /* Sources */ = {
			isa = PBXSourcesBuildPhase;
			buildActionMask = 2147483647;
			files = (
			);
			runOnlyForDeploymentPostprocessing = 0;
		};
		C479D1792EC9C420000A4C36 /* Sources */ = {
			isa = PBXSourcesBuildPhase;
			buildActionMask = 2147483647;
			files = (
			);
			runOnlyForDeploymentPostprocessing = 0;
		};
		C479D1832EC9C420000A4C36 /* Sources */ = {
			isa = PBXSourcesBuildPhase;
			buildActionMask = 2147483647;
			files = (
			);
			runOnlyForDeploymentPostprocessing = 0;
		};
/* End PBXSourcesBuildPhase section */

/* Begin PBXTargetDependency section */
		C479D17F2EC9C420000A4C36 /* PBXTargetDependency */ = {
			isa = PBXTargetDependency;
			target = C479D16F2EC9C41E000A4C36 /* finalProject_BattleShip */;
			targetProxy = C479D17E2EC9C420000A4C36 /* PBXContainerItemProxy */;
		};
		C479D1892EC9C420000A4C36 /* PBXTargetDependency */ = {
			isa = PBXTargetDependency;
			target = C479D16F2EC9C41E000A4C36 /* finalProject_BattleShip */;
			targetProxy = C479D1882EC9C420000A4C36 /* PBXContainerItemProxy */;
		};
/* End PBXTargetDependency section */

/* Begin XCBuildConfiguration section */
		C479D18F2EC9C420000A4C36 /* Debug */ = {
			isa = XCBuildConfiguration;
			buildSettings = {
				ALWAYS_SEARCH_USER_PATHS = NO;
				ASSETCATALOG_COMPILER_GENERATE_SWIFT_ASSET_SYMBOL_EXTENSIONS = YES;
				CLANG_ANALYZER_NONNULL = YES;
				CLANG_ANALYZER_NUMBER_OBJECT_CONVERSION = YES_AGGRESSIVE;
				CLANG_CXX_LANGUAGE_STANDARD = "gnu++20";
				CLANG_ENABLE_MODULES = YES;
				CLANG_ENABLE_OBJC_ARC = YES;
				CLANG_ENABLE_OBJC_WEAK = YES;
				CLANG_WARN_BLOCK_CAPTURE_AUTORELEASING = YES;
				CLANG_WARN_BOOL_CONVERSION = YES;
				CLANG_WARN_COMMA = YES;
				CLANG_WARN_CONSTANT_CONVERSION = YES;
				CLANG_WARN_DEPRECATED_OBJC_IMPLEMENTATIONS = YES;
				CLANG_WARN_DIRECT_OBJC_ISA_USAGE = YES_ERROR;
				CLANG_WARN_DOCUMENTATION_COMMENTS = YES;
				CLANG_WARN_EMPTY_BODY = YES;
				CLANG_WARN_ENUM_CONVERSION = YES;
				CLANG_WARN_INFINITE_RECURSION = YES;
				CLANG_WARN_INT_CONVERSION = YES;
				CLANG_WARN_NON_LITERAL_NULL_CONVERSION = YES;
				CLANG_WARN_OBJC_IMPLICIT_RETAIN_SELF = YES;
				CLANG_WARN_OBJC_LITERAL_CONVERSION = YES;
				CLANG_WARN_OBJC_ROOT_CLASS = YES_ERROR;
				CLANG_WARN_QUOTED_INCLUDE_IN_FRAMEWORK_HEADER = YES;
				CLANG_WARN_RANGE_LOOP_ANALYSIS = YES;
				CLANG_WARN_STRICT_PROTOTYPES = YES;
				CLANG_WARN_SUSPICIOUS_MOVE = YES;
				CLANG_WARN_UNGUARDED_AVAILABILITY = YES_AGGRESSIVE;
				CLANG_WARN_UNREACHABLE_CODE = YES;
				CLANG_WARN__DUPLICATE_METHOD_MATCH = YES;
				COPY_PHASE_STRIP = NO;
				DEBUG_INFORMATION_FORMAT = dwarf;
				ENABLE_STRICT_OBJC_MSGSEND = YES;
				ENABLE_TESTABILITY = YES;
				ENABLE_USER_SCRIPT_SANDBOXING = YES;
				GCC_C_LANGUAGE_STANDARD = gnu17;
				GCC_DYNAMIC_NO_PIC = NO;
				GCC_NO_COMMON_BLOCKS = YES;
				GCC_OPTIMIZATION_LEVEL = 0;
				GCC_PREPROCESSOR_DEFINITIONS = (
					"DEBUG=1",
					"$(inherited)",
				);
				GCC_WARN_64_TO_32_BIT_CONVERSION = YES;
				GCC_WARN_ABOUT_RETURN_TYPE = YES_ERROR;
				GCC_WARN_UNDECLARED_SELECTOR = YES;
				GCC_WARN_UNINITIALIZED_AUTOS = YES_AGGRESSIVE;
				GCC_WARN_UNUSED_FUNCTION = YES;
				GCC_WARN_UNUSED_VARIABLE = YES;
				IPHONEOS_DEPLOYMENT_TARGET = 18.5;
				LOCALIZATION_PREFERS_STRING_CATALOGS = YES;
				MTL_ENABLE_DEBUG_INFO = INCLUDE_SOURCE;
				MTL_FAST_MATH = YES;
				ONLY_ACTIVE_ARCH = YES;
				SDKROOT = iphoneos;
				SWIFT_ACTIVE_COMPILATION_CONDITIONS = "DEBUG $(inherited)";
				SWIFT_OPTIMIZATION_LEVEL = "-Onone";
			};
			name = Debug;
		};
		C479D1902EC9C420000A4C36 /* Release */ = {
			isa = XCBuildConfiguration;
			buildSettings = {
				ALWAYS_SEARCH_USER_PATHS = NO;
				ASSETCATALOG_COMPILER_GENERATE_SWIFT_ASSET_SYMBOL_EXTENSIONS = YES;
				CLANG_ANALYZER_NONNULL = YES;
				CLANG_ANALYZER_NUMBER_OBJECT_CONVERSION = YES_AGGRESSIVE;
				CLANG_CXX_LANGUAGE_STANDARD = "gnu++20";
				CLANG_ENABLE_MODULES = YES;
				CLANG_ENABLE_OBJC_ARC = YES;
				CLANG_ENABLE_OBJC_WEAK = YES;
				CLANG_WARN_BLOCK_CAPTURE_AUTORELEASING = YES;
				CLANG_WARN_BOOL_CONVERSION = YES;
				CLANG_WARN_COMMA = YES;
				CLANG_WARN_CONSTANT_CONVERSION = YES;
				CLANG_WARN_DEPRECATED_OBJC_IMPLEMENTATIONS = YES;
				CLANG_WARN_DIRECT_OBJC_ISA_USAGE = YES_ERROR;
				CLANG_WARN_DOCUMENTATION_COMMENTS = YES;
				CLANG_WARN_EMPTY_BODY = YES;
				CLANG_WARN_ENUM_CONVERSION = YES;
				CLANG_WARN_INFINITE_RECURSION = YES;
				CLANG_WARN_INT_CONVERSION = YES;
				CLANG_WARN_NON_LITERAL_NULL_CONVERSION = YES;
				CLANG_WARN_OBJC_IMPLICIT_RETAIN_SELF = YES;
				CLANG_WARN_OBJC_LITERAL_CONVERSION = YES;
				CLANG_WARN_OBJC_ROOT_CLASS = YES_ERROR;
				CLANG_WARN_QUOTED_INCLUDE_IN_FRAMEWORK_HEADER = YES;
				CLANG_WARN_RANGE_LOOP_ANALYSIS = YES;
				CLANG_WARN_STRICT_PROTOTYPES = YES;
				CLANG_WARN_SUSPICIOUS_MOVE = YES;
				CLANG_WARN_UNGUARDED_AVAILABILITY = YES_AGGRESSIVE;
				CLANG_WARN_UNREACHABLE_CODE = YES;
				CLANG_WARN__DUPLICATE_METHOD_MATCH = YES;
				COPY_PHASE_STRIP = NO;
				DEBUG_INFORMATION_FORMAT = "dwarf-with-dsym";
				ENABLE_NS_ASSERTIONS = NO;
				ENABLE_STRICT_OBJC_MSGSEND = YES;
				ENABLE_USER_SCRIPT_SANDBOXING = YES;
				GCC_C_LANGUAGE_STANDARD = gnu17;
				GCC_NO_COMMON_BLOCKS = YES;
				GCC_WARN_64_TO_32_BIT_CONVERSION = YES;
				GCC_WARN_ABOUT_RETURN_TYPE = YES_ERROR;
				GCC_WARN_UNDECLARED_SELECTOR = YES;
				GCC_WARN_UNINITIALIZED_AUTOS = YES_AGGRESSIVE;
				GCC_WARN_UNUSED_FUNCTION = YES;
				GCC_WARN_UNUSED_VARIABLE = YES;
				IPHONEOS_DEPLOYMENT_TARGET = 18.5;
				LOCALIZATION_PREFERS_STRING_CATALOGS = YES;
				MTL_ENABLE_DEBUG_INFO = NO;
				MTL_FAST_MATH = YES;
				SDKROOT = iphoneos;
				SWIFT_COMPILATION_MODE = wholemodule;
				VALIDATE_PRODUCT = YES;
			};
			name = Release;
		};
		C479D1922EC9C420000A4C36 /* Debug */ = {
			isa = XCBuildConfiguration;
			buildSettings = {
				ASSETCATALOG_COMPILER_APPICON_NAME = AppIcon;
				ASSETCATALOG_COMPILER_GLOBAL_ACCENT_COLOR_NAME = AccentColor;
				CODE_SIGN_STYLE = Automatic;
				CURRENT_PROJECT_VERSION = 1;
				ENABLE_PREVIEWS = YES;
				GENERATE_INFOPLIST_FILE = YES;
				INFOPLIST_KEY_UIApplicationSceneManifest_Generation = YES;
				INFOPLIST_KEY_UIApplicationSupportsIndirectInputEvents = YES;
				INFOPLIST_KEY_UILaunchScreen_Generation = YES;
				INFOPLIST_KEY_UISupportedInterfaceOrientations_iPad = "UIInterfaceOrientationPortrait UIInterfaceOrientationPortraitUpsideDown UIInterfaceOrientationLandscapeLeft UIInterfaceOrientationLandscapeRight";
				INFOPLIST_KEY_UISupportedInterfaceOrientations_iPhone = "UIInterfaceOrientationPortrait UIInterfaceOrientationLandscapeLeft UIInterfaceOrientationLandscapeRight";
				LD_RUNPATH_SEARCH_PATHS = (
					"$(inherited)",
					"@executable_path/Frameworks",
				);
				MARKETING_VERSION = 1.0;
				PRODUCT_BUNDLE_IDENTIFIER = "com.babayeva.finalProject-BattleShip";
				PRODUCT_NAME = "$(TARGET_NAME)";
				SWIFT_EMIT_LOC_STRINGS = YES;
				SWIFT_VERSION = 5.0;
				TARGETED_DEVICE_FAMILY = "1,2";
			};
			name = Debug;
		};
		C479D1932EC9C420000A4C36 /* Release */ = {
			isa = XCBuildConfiguration;
			buildSettings = {
				ASSETCATALOG_COMPILER_APPICON_NAME = AppIcon;
				ASSETCATALOG_COMPILER_GLOBAL_ACCENT_COLOR_NAME = AccentColor;
				CODE_SIGN_STYLE = Automatic;
				CURRENT_PROJECT_VERSION = 1;
				ENABLE_PREVIEWS = YES;
				GENERATE_INFOPLIST_FILE = YES;
				INFOPLIST_KEY_UIApplicationSceneManifest_Generation = YES;
				INFOPLIST_KEY_UIApplicationSupportsIndirectInputEvents = YES;
				INFOPLIST_KEY_UILaunchScreen_Generation = YES;
				INFOPLIST_KEY_UISupportedInterfaceOrientations_iPad = "UIInterfaceOrientationPortrait UIInterfaceOrientationPortraitUpsideDown UIInterfaceOrientationLandscapeLeft UIInterfaceOrientationLandscapeRight";
				INFOPLIST_KEY_UISupportedInterfaceOrientations_iPhone = "UIInterfaceOrientationPortrait UIInterfaceOrientationLandscapeLeft UIInterfaceOrientationLandscapeRight";
				LD_RUNPATH_SEARCH_PATHS = (
					"$(inherited)",
					"@executable_path/Frameworks",
				);
				MARKETING_VERSION = 1.0;
				PRODUCT_BUNDLE_IDENTIFIER = "com.babayeva.finalProject-BattleShip";
				PRODUCT_NAME = "$(TARGET_NAME)";
				SWIFT_EMIT_LOC_STRINGS = YES;
				SWIFT_VERSION = 5.0;
				TARGETED_DEVICE_FAMILY = "1,2";
			};
			name = Release;
		};
		C479D1952EC9C420000A4C36 /* Debug */ = {
			isa = XCBuildConfiguration;
			buildSettings = {
				BUNDLE_LOADER = "$(TEST_HOST)";
				CODE_SIGN_STYLE = Automatic;
				CURRENT_PROJECT_VERSION = 1;
				GENERATE_INFOPLIST_FILE = YES;
				IPHONEOS_DEPLOYMENT_TARGET = 18.5;
				MARKETING_VERSION = 1.0;
				PRODUCT_BUNDLE_IDENTIFIER = "com.babayeva.finalProject-BattleShipTests";
				PRODUCT_NAME = "$(TARGET_NAME)";
				SWIFT_EMIT_LOC_STRINGS = NO;
				SWIFT_VERSION = 5.0;
				TARGETED_DEVICE_FAMILY = "1,2";
				TEST_HOST = "$(BUILT_PRODUCTS_DIR)/finalProject_BattleShip.app/$(BUNDLE_EXECUTABLE_FOLDER_PATH)/finalProject_BattleShip";
			};
			name = Debug;
		};
		C479D1962EC9C420000A4C36 /* Release */ = {
			isa = XCBuildConfiguration;
			buildSettings = {
				BUNDLE_LOADER = "$(TEST_HOST)";
				CODE_SIGN_STYLE = Automatic;
				CURRENT_PROJECT_VERSION = 1;
				GENERATE_INFOPLIST_FILE = YES;
				IPHONEOS_DEPLOYMENT_TARGET = 18.5;
				MARKETING_VERSION = 1.0;
				PRODUCT_BUNDLE_IDENTIFIER = "com.babayeva.finalProject-BattleShipTests";
				PRODUCT_NAME = "$(TARGET_NAME)";
				SWIFT_EMIT_LOC_STRINGS = NO;
				SWIFT_VERSION = 5.0;
				TARGETED_DEVICE_FAMILY = "1,2";
				TEST_HOST = "$(BUILT_PRODUCTS_DIR)/finalProject_BattleShip.app/$(BUNDLE_EXECUTABLE_FOLDER_PATH)/finalProject_BattleShip";
			};
			name = Release;
		};
		C479D1982EC9C420000A4C36 /* Debug */ = {
			isa = XCBuildConfiguration;
			buildSettings = {
				CODE_SIGN_STYLE = Automatic;
				CURRENT_PROJECT_VERSION = 1;
				GENERATE_INFOPLIST_FILE = YES;
				MARKETING_VERSION = 1.0;
				PRODUCT_BUNDLE_IDENTIFIER = "com.babayeva.finalProject-BattleShipUITests";
				PRODUCT_NAME = "$(TARGET_NAME)";
				SWIFT_EMIT_LOC_STRINGS = NO;
				SWIFT_VERSION = 5.0;
				TARGETED_DEVICE_FAMILY = "1,2";
				TEST_TARGET_NAME = finalProject_BattleShip;
			};
			name = Debug;
		};
		C479D1992EC9C420000A4C36 /* Release */ = {
			isa = XCBuildConfiguration;
			buildSettings = {
				CODE_SIGN_STYLE = Automatic;
				CURRENT_PROJECT_VERSION = 1;
				GENERATE_INFOPLIST_FILE = YES;
				MARKETING_VERSION = 1.0;
				PRODUCT_BUNDLE_IDENTIFIER = "com.babayeva.finalProject-BattleShipUITests";
				PRODUCT_NAME = "$(TARGET_NAME)";
				SWIFT_EMIT_LOC_STRINGS = NO;
				SWIFT_VERSION = 5.0;
				TARGETED_DEVICE_FAMILY = "1,2";
				TEST_TARGET_NAME = finalProject_BattleShip;
			};
			name = Release;
		};
/* End XCBuildConfiguration section */

/* Begin XCConfigurationList section */
		C479D16B2EC9C41E000A4C36 /* Build configuration list for PBXProject "finalProject_BattleShip" */ = {
			isa = XCConfigurationList;
			buildConfigurations = (
				C479D18F2EC9C420000A4C36 /* Debug */,
				C479D1902EC9C420000A4C36 /* Release */,
			);
			defaultConfigurationIsVisible = 0;
			defaultConfigurationName = Release;
		};
		C479D1912EC9C420000A4C36 /* Build configuration list for PBXNativeTarget "finalProject_BattleShip" */ = {
			isa = XCConfigurationList;
			buildConfigurations = (
				C479D1922EC9C420000A4C36 /* Debug */,
				C479D1932EC9C420000A4C36 /* Release */,
			);
			defaultConfigurationIsVisible = 0;
			defaultConfigurationName = Release;
		};
		C479D1942EC9C420000A4C36 /* Build configuration list for PBXNativeTarget "finalProject_BattleShipTests" */ = {
			isa = XCConfigurationList;
			buildConfigurations = (
				C479D1952EC9C420000A4C36 /* Debug */,
				C479D1962EC9C420000A4C36 /* Release */,
			);
			defaultConfigurationIsVisible = 0;
			defaultConfigurationName = Release;
		};
		C479D1972EC9C420000A4C36 /* Build configuration list for PBXNativeTarget "finalProject_BattleShipUITests" */ = {
			isa = XCConfigurationList;
			buildConfigurations = (
				C479D1982EC9C420000A4C36 /* Debug */,
				C479D1992EC9C420000A4C36 /* Release */,
			);
			defaultConfigurationIsVisible = 0;
			defaultConfigurationName = Release;
		};
/* End XCConfigurationList section */
	};
	rootObject = C479D1682EC9C41E000A4C36 /* Project object */;
}
